
Microsoft Visual Studio Solution File, Format Version 12.00
# Visual Studio Version 16
VisualStudioVersion = 16.0.29424.173
MinimumVisualStudioVersion = 10.0.40219.1
Project("{8BC9CEB8-8B4A-11D0-8D11-00A0C91BC942}") = "ReviewAlgorithmsDataStructures", "ReviewAlgorithmsDataStructures\ReviewAlgorithmsDataStructures.vcxproj", "{95F04C44-EFD1-4BA5-A246-566B9ECC3FB6}"
EndProject
Project("{8BC9CEB8-8B4A-11D0-8D11-00A0C91BC942}") = "Recursion", "Recursion\Recursion.vcxproj", "{D9118339-9DEC-4C5A-9E7C-92BAB368EEB5}"
EndProject
Project("{8BC9CEB8-8B4A-11D0-8D11-00A0C91BC942}") = "Arrays", "Arrays\Arrays.vcxproj", "{1504D8DC-0C4E-48CD-8E2B-0745C08245D4}"
EndProject
Project("{8BC9CEB8-8B4A-11D0-8D11-00A0C91BC942}") = "ArrayADT", "ArrayADT\ArrayADT.vcxproj", "{5CE2C598-30B6-4231-AACC-110A06472D54}"
EndProject
Project("{8BC9CEB8-8B4A-11D0-8D11-00A0C91BC942}") = "ArrayADTClass", "ArrayADTClass\ArrayADTClass.vcxproj", "{01436488-EF96-4E04-B0C5-10D2B499C119}"
EndProject
Project("{8BC9CEB8-8B4A-11D0-8D11-00A0C91BC942}") = "Strings", "Strings\Strings.vcxproj", "{E911C336-B030-4C90-B8E3-9B1EA2BC442E}"
EndProject
Global
	GlobalSection(SolutionConfigurationPlatforms) = preSolution
		Debug|x64 = Debug|x64
		Debug|x86 = Debug|x86
		Release|x64 = Release|x64
		Release|x86 = Release|x86
	EndGlobalSection
	GlobalSection(ProjectConfigurationPlatforms) = postSolution
		{95F04C44-EFD1-4BA5-A246-566B9ECC3FB6}.Debug|x64.ActiveCfg = Debug|x64
		{95F04C44-EFD1-4BA5-A246-566B9ECC3FB6}.Debug|x64.Build.0 = Debug|x64
		{95F04C44-EFD1-4BA5-A246-566B9ECC3FB6}.Debug|x86.ActiveCfg = Debug|Win32
		{95F04C44-EFD1-4BA5-A246-566B9ECC3FB6}.Debug|x86.Build.0 = Debug|Win32
		{95F04C44-EFD1-4BA5-A246-566B9ECC3FB6}.Release|x64.ActiveCfg = Release|x64
		{95F04C44-EFD1-4BA5-A246-566B9ECC3FB6}.Release|x64.Build.0 = Release|x64
		{95F04C44-EFD1-4BA5-A246-566B9ECC3FB6}.Release|x86.ActiveCfg = Release|Win32
		{95F04C44-EFD1-4BA5-A246-566B9ECC3FB6}.Release|x86.Build.0 = Release|Win32
		{D9118339-9DEC-4C5A-9E7C-92BAB368EEB5}.Debug|x64.ActiveCfg = Debug|x64
		{D9118339-9DEC-4C5A-9E7C-92BAB368EEB5}.Debug|x64.Build.0 = Debug|x64
		{D9118339-9DEC-4C5A-9E7C-92BAB368EEB5}.Debug|x86.ActiveCfg = Debug|Win32
		{D9118339-9DEC-4C5A-9E7C-92BAB368EEB5}.Debug|x86.Build.0 = Debug|Win32
		{D9118339-9DEC-4C5A-9E7C-92BAB368EEB5}.Release|x64.ActiveCfg = Release|x64
		{D9118339-9DEC-4C5A-9E7C-92BAB368EEB5}.Release|x64.Build.0 = Release|x64
		{D9118339-9DEC-4C5A-9E7C-92BAB368EEB5}.Release|x86.ActiveCfg = Release|Win32
		{D9118339-9DEC-4C5A-9E7C-92BAB368EEB5}.Release|x86.Build.0 = Release|Win32
		{1504D8DC-0C4E-48CD-8E2B-0745C08245D4}.Debug|x64.ActiveCfg = Debug|x64
		{1504D8DC-0C4E-48CD-8E2B-0745C08245D4}.Debug|x64.Build.0 = Debug|x64
		{1504D8DC-0C4E-48CD-8E2B-0745C08245D4}.Debug|x86.ActiveCfg = Debug|Win32
		{1504D8DC-0C4E-48CD-8E2B-0745C08245D4}.Debug|x86.Build.0 = Debug|Win32
		{1504D8DC-0C4E-48CD-8E2B-0745C08245D4}.Release|x64.ActiveCfg = Release|x64
		{1504D8DC-0C4E-48CD-8E2B-0745C08245D4}.Release|x64.Build.0 = Release|x64
		{1504D8DC-0C4E-48CD-8E2B-0745C08245D4}.Release|x86.ActiveCfg = Release|Win32
		{1504D8DC-0C4E-48CD-8E2B-0745C08245D4}.Release|x86.Build.0 = Release|Win32
		{5CE2C598-30B6-4231-AACC-110A06472D54}.Debug|x64.ActiveCfg = Debug|x64
		{5CE2C598-30B6-4231-AACC-110A06472D54}.Debug|x64.Build.0 = Debug|x64
		{5CE2C598-30B6-4231-AACC-110A06472D54}.Debug|x86.ActiveCfg = Debug|Win32
		{5CE2C598-30B6-4231-AACC-110A06472D54}.Debug|x86.Build.0 = Debug|Win32
		{5CE2C598-30B6-4231-AACC-110A06472D54}.Release|x64.ActiveCfg = Release|x64
		{5CE2C598-30B6-4231-AACC-110A06472D54}.Release|x64.Build.0 = Release|x64
		{5CE2C598-30B6-4231-AACC-110A06472D54}.Release|x86.ActiveCfg = Release|Win32
		{5CE2C598-30B6-4231-AACC-110A06472D54}.Release|x86.Build.0 = Release|Win32
		{01436488-EF96-4E04-B0C5-10D2B499C119}.Debug|x64.ActiveCfg = Debug|x64
		{01436488-EF96-4E04-B0C5-10D2B499C119}.Debug|x64.Build.0 = Debug|x64
		{01436488-EF96-4E04-B0C5-10D2B499C119}.Debug|x86.ActiveCfg = Debug|Win32
		{01436488-EF96-4E04-B0C5-10D2B499C119}.Debug|x86.Build.0 = Debug|Win32
		{01436488-EF96-4E04-B0C5-10D2B499C119}.Release|x64.ActiveCfg = Release|x64
		{01436488-EF96-4E04-B0C5-10D2B499C119}.Release|x64.Build.0 = Release|x64
		{01436488-EF96-4E04-B0C5-10D2B499C119}.Release|x86.ActiveCfg = Release|Win32
		{01436488-EF96-4E04-B0C5-10D2B499C119}.Release|x86.Build.0 = Release|Win32
		{E911C336-B030-4C90-B8E3-9B1EA2BC442E}.Debug|x64.ActiveCfg = Debug|x64
		{E911C336-B030-4C90-B8E3-9B1EA2BC442E}.Debug|x64.Build.0 = Debug|x64
		{E911C336-B030-4C90-B8E3-9B1EA2BC442E}.Debug|x86.ActiveCfg = Debug|Win32
		{E911C336-B030-4C90-B8E3-9B1EA2BC442E}.Debug|x86.Build.0 = Debug|Win32
		{E911C336-B030-4C90-B8E3-9B1EA2BC442E}.Release|x64.ActiveCfg = Release|x64
		{E911C336-B030-4C90-B8E3-9B1EA2BC442E}.Release|x64.Build.0 = Release|x64
		{E911C336-B030-4C90-B8E3-9B1EA2BC442E}.Release|x86.ActiveCfg = Release|Win32
		{E911C336-B030-4C90-B8E3-9B1EA2BC442E}.Release|x86.Build.0 = Release|Win32
	EndGlobalSection
	GlobalSection(SolutionProperties) = preSolution
		HideSolutionNode = FALSE
	EndGlobalSection
	GlobalSection(ExtensibilityGlobals) = postSolution
		SolutionGuid = {FFC60B3B-FFCB-4DB9-95A1-4D1140A95499}
	EndGlobalSection
EndGlobal
